
Microsoft Visual Studio Solution File, Format Version 12.00
# Visual Studio Version 17
VisualStudioVersion = 17.9.34723.18
MinimumVisualStudioVersion = 10.0.40219.1
Project("{FAE04EC0-301F-11D3-BF4B-00C04F79EFBC}") = "ServFacil", "ServFacil.csproj", "{BCA747ED-24ED-430D-8F33-45C6B6B80F7F}"
EndProject
Global
	GlobalSection(SolutionConfigurationPlatforms) = preSolution
		Debug|Any CPU = Debug|Any CPU
		Release|Any CPU = Release|Any CPU
	EndGlobalSection
	GlobalSection(ProjectConfigurationPlatforms) = postSolution
		{BCA747ED-24ED-430D-8F33-45C6B6B80F7F}.Debug|Any CPU.ActiveCfg = Debug|Any CPU
		{BCA747ED-24ED-430D-8F33-45C6B6B80F7F}.Debug|Any CPU.Build.0 = Debug|Any CPU
		{BCA747ED-24ED-430D-8F33-45C6B6B80F7F}.Release|Any CPU.ActiveCfg = Release|Any CPU
		{BCA747ED-24ED-430D-8F33-45C6B6B80F7F}.Release|Any CPU.Build.0 = Release|Any CPU
	EndGlobalSection
	GlobalSection(SolutionProperties) = preSolution
		HideSolutionNode = FALSE
	EndGlobalSection
	GlobalSection(ExtensibilityGlobals) = postSolution
		SolutionGuid = {42A19482-3E55-4EE3-92BD-4E6C1555C260}
	EndGlobalSection
EndGlobal
